{
  "name": "schnorr sig",
  "version": "1.0.0",
  "lockfileVersion": 1,
  "requires": true,
  "dependencies": {
    "bigi": {
      "version": "1.4.2",
      "resolved": "https://registry.npmjs.org/bigi/-/bigi-1.4.2.tgz",
      "integrity": "sha1-nGZalfiLiwj8Bc/XMfVhhZ1yWCU="
    },
    "ecurve-bn256": {
      "version": "1.0.15",
      "resolved": "https://registry.npmjs.org/ecurve-bn256/-/ecurve-bn256-1.0.15.tgz",
      "integrity": "sha512-RcYiU8mTyc5uDBx6yC8vWBBQW6TGT4n4K87WPviZfHaHmJ8lAPcB5Fkf5HdonWRql150075g09BOsT2Dkwde/Q==",
      "requires": {
        "bigi": "^1.1.0",
        "safe-buffer": "^5.0.1"
      }
    },
    "safe-buffer": {
      "version": "5.2.1",
      "resolved": "https://registry.npmjs.org/safe-buffer/-/safe-buffer-5.2.1.tgz",
      "integrity": "sha512-rp3So07KcdmmKbGvgaNxQSJr7bGVSVk5S9Eq1F+ppbRo70+YeaDxkw5Dd8NPN+GD6bjnYm2VuPuCXmpuYvmCXQ=="
    }
  }
}
